<?xml version="1.0" encoding="utf-8"?>
<Project ToolsVersion="4.0" xmlns="http://schemas.microsoft.com/developer/msbuild/2003">
  <ItemGroup>
    <Filter Include="ソース ファイル">
      <UniqueIdentifier>{4FC737F1-C7A5-4376-A066-2A32D752A2FF}</UniqueIdentifier>
      <Extensions>cpp;c;cc;cxx;c++;cppm;ixx;def;odl;idl;hpj;bat;asm;asmx</Extensions>
    </Filter>
    <Filter Include="ヘッダー ファイル">
      <UniqueIdentifier>{93995380-89BD-4b04-88EB-625FBE52EBFB}</UniqueIdentifier>
      <Extensions>h;hh;hpp;hxx;h++;hm;inl;inc;ipp;xsd</Extensions>
    </Filter>
    <Filter Include="リソース ファイル">
      <UniqueIdentifier>{67DA6AB6-F800-4c08-8B7A-83BB121AAD01}</UniqueIdentifier>
      <Extensions>rc;ico;cur;bmp;dlg;rc2;rct;bin;rgs;gif;jpg;jpeg;jpe;resx;tiff;tif;png;wav;mfcribbon-ms</Extensions>
    </Filter>
    <Filter Include="Shader">
      <UniqueIdentifier>{6de885d1-4c1e-4114-af9c-baf1681c353f}</UniqueIdentifier>
    </Filter>
    <Filter Include="Draw">
      <UniqueIdentifier>{e923cdc9-b3b9-4fcb-8c92-9806b93d5e64}</UniqueIdentifier>
    </Filter>
    <Filter Include="CLEYERA">
      <UniqueIdentifier>{f99e054a-73cc-4991-a34e-ce6aa6ca869b}</UniqueIdentifier>
    </Filter>
    <Filter Include="Setup">
      <UniqueIdentifier>{a84d3364-40f5-47fb-b7d5-6f5f66b4229e}</UniqueIdentifier>
    </Filter>
    <Filter Include="Matrix">
      <UniqueIdentifier>{4f0d0a3f-4ccd-4839-8730-36d300889dfa}</UniqueIdentifier>
    </Filter>
    <Filter Include="Vector">
      <UniqueIdentifier>{5d06e2ae-d99c-43e2-be10-727002d73773}</UniqueIdentifier>
    </Filter>
    <Filter Include="CLEYERA\ImGui">
      <UniqueIdentifier>{fae76d80-d613-4c8f-84db-42bb93993a34}</UniqueIdentifier>
    </Filter>
    <Filter Include="Externals">
      <UniqueIdentifier>{ea4508d7-2e26-456e-8452-5ee4f14d9734}</UniqueIdentifier>
    </Filter>
    <Filter Include="Setup\ImGui">
      <UniqueIdentifier>{f1600721-fb7f-4268-a9e8-f8f3efdb5c1d}</UniqueIdentifier>
    </Filter>
    <Filter Include="Setup\TexManager">
      <UniqueIdentifier>{7749600f-73df-4ed8-b2cf-2dd3e7a2f9d8}</UniqueIdentifier>
    </Filter>
    <Filter Include="CLEYERA\Log">
      <UniqueIdentifier>{396e81b9-9daf-4f3e-9e94-3aa7a8d02c8d}</UniqueIdentifier>
    </Filter>
  </ItemGroup>
  <ItemGroup>
    <ClCompile Include="main.cpp">
      <Filter>ソース ファイル</Filter>
    </ClCompile>
    <ClCompile Include="CLEYERA\Matrix\MatrixTransform.cpp">
      <Filter>Matrix</Filter>
    </ClCompile>
    <ClCompile Include="CLEYERA\Setup\DirectXSetup.cpp">
      <Filter>Setup</Filter>
    </ClCompile>
    <ClCompile Include="CLEYERA\Vector\VectorTransform.cpp">
      <Filter>Vector</Filter>
    </ClCompile>
    <ClCompile Include="CLEYERA\Setup\WinSetup.cpp">
      <Filter>Setup</Filter>
    </ClCompile>
    <ClCompile Include="CLEYERA\Cleyera.cpp">
      <Filter>CLEYERA</Filter>
    </ClCompile>
    <ClCompile Include="CLEYERA\Draw\Model.cpp">
      <Filter>Draw</Filter>
    </ClCompile>
    <ClCompile Include="CLEYERA\Draw\Rect.cpp">
      <Filter>Draw</Filter>
    </ClCompile>
    <ClCompile Include="CLEYERA\Setup\SceneSetup.cpp">
      <Filter>Setup</Filter>
    </ClCompile>
    <ClCompile Include="CLEYERA\externals\imgui\imgui.cpp">
      <Filter>Externals</Filter>
    </ClCompile>
    <ClCompile Include="CLEYERA\externals\imgui\imgui_demo.cpp">
      <Filter>Externals</Filter>
    </ClCompile>
    <ClCompile Include="CLEYERA\externals\imgui\imgui_draw.cpp">
      <Filter>Externals</Filter>
    </ClCompile>
    <ClCompile Include="CLEYERA\externals\imgui\imgui_impl_dx12.cpp">
      <Filter>Externals</Filter>
    </ClCompile>
    <ClCompile Include="CLEYERA\externals\imgui\imgui_impl_win32.cpp">
      <Filter>Externals</Filter>
    </ClCompile>
    <ClCompile Include="CLEYERA\externals\imgui\imgui_tables.cpp">
      <Filter>Externals</Filter>
    </ClCompile>
    <ClCompile Include="CLEYERA\externals\imgui\imgui_widgets.cpp">
      <Filter>Externals</Filter>
    </ClCompile>
    <ClCompile Include="CLEYERA\ImGuiManager\ImGuiManager.cpp">
      <Filter>Setup\ImGui</Filter>
    </ClCompile>
    <ClCompile Include="CLEYERA\TexManager\TexManager.cpp">
      <Filter>Setup\TexManager</Filter>
    </ClCompile>
    <ClCompile Include="CLEYERA\Log\Log.cpp">
      <Filter>CLEYERA\Log</Filter>
    </ClCompile>
  </ItemGroup>
  <ItemGroup>
    <ClInclude Include="CLEYERA\Matrix\Matrix2x2.h">
      <Filter>Matrix</Filter>
    </ClInclude>
    <ClInclude Include="CLEYERA\Matrix\Matrix3x3.h">
      <Filter>Matrix</Filter>
    </ClInclude>
    <ClInclude Include="CLEYERA\Matrix\Matrix4x4.h">
      <Filter>Matrix</Filter>
    </ClInclude>
    <ClInclude Include="CLEYERA\Matrix\MatrixTransform.h">
      <Filter>Matrix</Filter>
    </ClInclude>
    <ClInclude Include="CLEYERA\Vector\Vector2.h">
      <Filter>Vector</Filter>
    </ClInclude>
    <ClInclude Include="CLEYERA\Vector\Vector3.h">
      <Filter>Vector</Filter>
    </ClInclude>
    <ClInclude Include="CLEYERA\Setup\DirectXSetup.h">
      <Filter>Setup</Filter>
    </ClInclude>
    <ClInclude Include="CLEYERA\Setup\WinSetup.h">
      <Filter>Setup</Filter>
    </ClInclude>
    <ClInclude Include="CLEYERA\Cleyera.h">
      <Filter>CLEYERA</Filter>
    </ClInclude>
    <ClInclude Include="CLEYERA\CleyeraStruct.h">
      <Filter>CLEYERA</Filter>
    </ClInclude>
    <ClInclude Include="CLEYERA\Draw\Model.h">
      <Filter>Draw</Filter>
    </ClInclude>
    <ClInclude Include="CLEYERA\Draw\Rect.h">
      <Filter>Draw</Filter>
    </ClInclude>
    <ClInclude Include="CLEYERA\Vector\Vector4.h">
      <Filter>Vector</Filter>
    </ClInclude>
    <ClInclude Include="CLEYERA\Vector\VectorTransform.h">
      <Filter>Vector</Filter>
    </ClInclude>
    <ClInclude Include="CLEYERA\Setup\SceneSetup.h">
      <Filter>Setup</Filter>
    </ClInclude>
    <ClInclude Include="CLEYERA\externals\imgui\imconfig.h">
      <Filter>Externals</Filter>
    </ClInclude>
    <ClInclude Include="CLEYERA\externals\imgui\imgui_impl_dx12.h">
      <Filter>Externals</Filter>
    </ClInclude>
    <ClInclude Include="CLEYERA\externals\imgui\imgui.h">
      <Filter>Externals</Filter>
    </ClInclude>
    <ClInclude Include="CLEYERA\externals\imgui\imgui_impl_win32.h">
      <Filter>Externals</Filter>
    </ClInclude>
    <ClInclude Include="CLEYERA\externals\imgui\imgui_internal.h">
      <Filter>Externals</Filter>
    </ClInclude>
    <ClInclude Include="CLEYERA\externals\imgui\imstb_rectpack.h">
      <Filter>Externals</Filter>
    </ClInclude>
    <ClInclude Include="CLEYERA\externals\imgui\imstb_textedit.h">
      <Filter>Externals</Filter>
    </ClInclude>
    <ClInclude Include="CLEYERA\externals\imgui\imstb_truetype.h">
      <Filter>Externals</Filter>
    </ClInclude>
    <ClInclude Include="CLEYERA\ImGuiManager\ImGuiManager.h">
      <Filter>Setup\ImGui</Filter>
    </ClInclude>
    <ClInclude Include="CLEYERA\TexManager\TexManager.h">
      <Filter>Setup\TexManager</Filter>
    </ClInclude>
    <ClInclude Include="CLEYERA\Log\Log.h">
      <Filter>CLEYERA\Log</Filter>
    </ClInclude>
  </ItemGroup>
  <ItemGroup>
    <FxCompile Include="Shader\Object3d.PS.hlsl">
      <Filter>Shader</Filter>
    </FxCompile>
    <FxCompile Include="Shader\Object3d.VS.hlsl">
      <Filter>Shader</Filter>
    </FxCompile>
  </ItemGroup>
  <ItemGroup>
    <None Include=".editorconfig" />
  </ItemGroup>
  <ItemGroup>
    <Text Include="CLEYERA\externals\imgui\LICENSE.txt" />
  </ItemGroup>
</Project>